
Microsoft Visual Studio Solution File, Format Version 12.00
# Visual Studio Version 17
VisualStudioVersion = 17.14.36717.8
MinimumVisualStudioVersion = 10.0.40219.1
Project("{FAE04EC0-301F-11D3-BF4B-00C04F79EFBC}") = "Day 1", "Day 1\Day 1.csproj", "{C663EF65-903F-4B70-874C-8B5D1DB3A1F3}"
EndProject
Project("{FAE04EC0-301F-11D3-BF4B-00C04F79EFBC}") = "Day 2", "Day 2\Day 2.csproj", "{AF898CD5-D84C-47CC-88A8-DDC4B23DEFC9}"
EndProject
Project("{FAE04EC0-301F-11D3-BF4B-00C04F79EFBC}") = "Day 3", "Day 3\Day 3.csproj", "{19760758-920D-4813-9F4C-F34F25093570}"
EndProject
Global
	GlobalSection(SolutionConfigurationPlatforms) = preSolution
		Debug|Any CPU = Debug|Any CPU
		Release|Any CPU = Release|Any CPU
	EndGlobalSection
	GlobalSection(ProjectConfigurationPlatforms) = postSolution
		{C663EF65-903F-4B70-874C-8B5D1DB3A1F3}.Debug|Any CPU.ActiveCfg = Debug|Any CPU
		{C663EF65-903F-4B70-874C-8B5D1DB3A1F3}.Debug|Any CPU.Build.0 = Debug|Any CPU
		{C663EF65-903F-4B70-874C-8B5D1DB3A1F3}.Release|Any CPU.ActiveCfg = Release|Any CPU
		{C663EF65-903F-4B70-874C-8B5D1DB3A1F3}.Release|Any CPU.Build.0 = Release|Any CPU
		{AF898CD5-D84C-47CC-88A8-DDC4B23DEFC9}.Debug|Any CPU.ActiveCfg = Debug|Any CPU
		{AF898CD5-D84C-47CC-88A8-DDC4B23DEFC9}.Debug|Any CPU.Build.0 = Debug|Any CPU
		{AF898CD5-D84C-47CC-88A8-DDC4B23DEFC9}.Release|Any CPU.ActiveCfg = Release|Any CPU
		{AF898CD5-D84C-47CC-88A8-DDC4B23DEFC9}.Release|Any CPU.Build.0 = Release|Any CPU
		{19760758-920D-4813-9F4C-F34F25093570}.Debug|Any CPU.ActiveCfg = Debug|Any CPU
		{19760758-920D-4813-9F4C-F34F25093570}.Debug|Any CPU.Build.0 = Debug|Any CPU
		{19760758-920D-4813-9F4C-F34F25093570}.Release|Any CPU.ActiveCfg = Release|Any CPU
		{19760758-920D-4813-9F4C-F34F25093570}.Release|Any CPU.Build.0 = Release|Any CPU
	EndGlobalSection
	GlobalSection(SolutionProperties) = preSolution
		HideSolutionNode = FALSE
	EndGlobalSection
	GlobalSection(ExtensibilityGlobals) = postSolution
		SolutionGuid = {BAF19EA8-AD35-4D6B-AB53-157453CB3FB9}
	EndGlobalSection
EndGlobal
